
Microsoft Visual Studio Solution File, Format Version 12.00
# Visual Studio Version 17
VisualStudioVersion = 17.14.36623.8 d17.14
MinimumVisualStudioVersion = 10.0.40219.1
Project("{FAE04EC0-301F-11D3-BF4B-00C04F79EFBC}") = "LoanManagement.Preethu.Api", "LoanManagement.Preethu.Api\LoanManagement.Preethu.Api.csproj", "{FF49BB7F-E532-4781-A11F-070994C4E6BC}"
EndProject
Global
	GlobalSection(SolutionConfigurationPlatforms) = preSolution
		Debug|Any CPU = Debug|Any CPU
		Release|Any CPU = Release|Any CPU
	EndGlobalSection
	GlobalSection(ProjectConfigurationPlatforms) = postSolution
		{FF49BB7F-E532-4781-A11F-070994C4E6BC}.Debug|Any CPU.ActiveCfg = Debug|Any CPU
		{FF49BB7F-E532-4781-A11F-070994C4E6BC}.Debug|Any CPU.Build.0 = Debug|Any CPU
		{FF49BB7F-E532-4781-A11F-070994C4E6BC}.Release|Any CPU.ActiveCfg = Release|Any CPU
		{FF49BB7F-E532-4781-A11F-070994C4E6BC}.Release|Any CPU.Build.0 = Release|Any CPU
	EndGlobalSection
	GlobalSection(SolutionProperties) = preSolution
		HideSolutionNode = FALSE
	EndGlobalSection
	GlobalSection(ExtensibilityGlobals) = postSolution
		SolutionGuid = {4E22A652-9A5F-4715-AA90-89D306354FF2}
	EndGlobalSection
EndGlobal
